// !$*UTF8*$!
{
	archiveVersion = 1;
	classes = {
	};
	objectVersion = 77;
	objects = {

/* Begin PBXContainerItemProxy section */
		77BA64C62F3B8C9A00830395 /* PBXContainerItemProxy */ = {
			isa = PBXContainerItemProxy;
			containerPortal = 77BA64B02F3B8C9800830395 /* Project object */;
			proxyType = 1;
			remoteGlobalIDString = 77BA64B72F3B8C9900830395;
			remoteInfo = ScanToFix;
		};
		77BA64D02F3B8C9A00830395 /* PBXContainerItemProxy */ = {
			isa = PBXContainerItemProxy;
			containerPortal = 77BA64B02F3B8C9800830395 /* Project object */;
			proxyType = 1;
			remoteGlobalIDString = 77BA64B72F3B8C9900830395;
			remoteInfo = ScanToFix;
		};
/* End PBXContainerItemProxy section */

/* Begin PBXFileReference section */
		77BA64B82F3B8C9900830395 /* ScanToFix.app */ = {isa = PBXFileReference; explicitFileType = wrapper.application; includeInIndex = 0; path = ScanToFix.app; sourceTree = BUILT_PRODUCTS_DIR; };
		77BA64C52F3B8C9A00830395 /* ScanToFixTests.xctest */ = {isa = PBXFileReference; explicitFileType = wrapper.cfbundle; includeInIndex = 0; path = ScanToFixTests.xctest; sourceTree = BUILT_PRODUCTS_DIR; };
		77BA64CF2F3B8C9A00830395 /* ScanToFixUITests.xctest */ = {isa = PBXFileReference; explicitFileType = wrapper.cfbundle; includeInIndex = 0; path = ScanToFixUITests.xctest; sourceTree = BUILT_PRODUCTS_DIR; };
/* End PBXFileReference section */

/* Begin PBXFileSystemSynchronizedRootGroup section */
		77BA64BA2F3B8C9900830395 /* ScanToFix */ = {
			isa = PBXFileSystemSynchronizedRootGroup;
			path = ScanToFix;
			sourceTree = "<group>";
		};
		77BA64C82F3B8C9A00830395 /* ScanToFixTests */ = {
			isa = PBXFileSystemSynchronizedRootGroup;
			path = ScanToFixTests;
			sourceTree = "<group>";
		};
		77BA64D22F3B8C9A00830395 /* ScanToFixUITests */ = {
			isa = PBXFileSystemSynchronizedRootGroup;
			path = ScanToFixUITests;
			sourceTree = "<group>";
		};
/* End PBXFileSystemSynchronizedRootGroup section */

/* Begin PBXFrameworksBuildPhase section */
		77BA64B52F3B8C9900830395 /* Frameworks */ = {
			isa = PBXFrameworksBuildPhase;
			buildActionMask = 2147483647;
			files = (
			);
			runOnlyForDeploymentPostprocessing = 0;
		};
		77BA64C22F3B8C9A00830395 /* Frameworks */ = {
			isa = PBXFrameworksBuildPhase;
			buildActionMask = 2147483647;
			files = (
			);
			runOnlyForDeploymentPostprocessing = 0;
		};
		77BA64CC2F3B8C9A00830395 /* Frameworks */ = {
			isa = PBXFrameworksBuildPhase;
			buildActionMask = 2147483647;
			files = (
			);
			runOnlyForDeploymentPostprocessing = 0;
		};
/* End PBXFrameworksBuildPhase section */

/* Begin PBXGroup section */
		77BA64AF2F3B8C9800830395 = {
			isa = PBXGroup;
			children = (
				77BA64BA2F3B8C9900830395 /* ScanToFix */,
				77BA64C82F3B8C9A00830395 /* ScanToFixTests */,
				77BA64D22F3B8C9A00830395 /* ScanToFixUITests */,
				77BA64B92F3B8C9900830395 /* Products */,
			);
			sourceTree = "<group>";
		};
		77BA64B92F3B8C9900830395 /* Products */ = {
			isa = PBXGroup;
			children = (
				77BA64B82F3B8C9900830395 /* ScanToFix.app */,
				77BA64C52F3B8C9A00830395 /* ScanToFixTests.xctest */,
				77BA64CF2F3B8C9A00830395 /* ScanToFixUITests.xctest */,
			);
			name = Products;
			sourceTree = "<group>";
		};
/* End PBXGroup section */

/* Begin PBXNativeTarget section */
		77BA64B72F3B8C9900830395 /* ScanToFix */ = {
			isa = PBXNativeTarget;
			buildConfigurationList = 77BA64D92F3B8C9A00830395 /* Build configuration list for PBXNativeTarget "ScanToFix" */;
			buildPhases = (
				77BA64B42F3B8C9900830395 /* Sources */,
				77BA64B52F3B8C9900830395 /* Frameworks */,
				77BA64B62F3B8C9900830395 /* Resources */,
			);
			buildRules = (
			);
			dependencies = (
			);
			fileSystemSynchronizedGroups = (
				77BA64BA2F3B8C9900830395 /* ScanToFix */,
			);
			name = ScanToFix;
			packageProductDependencies = (
			);
			productName = ScanToFix;
			productReference = 77BA64B82F3B8C9900830395 /* ScanToFix.app */;
			productType = "com.apple.product-type.application";
		};
		77BA64C42F3B8C9A00830395 /* ScanToFixTests */ = {
			isa = PBXNativeTarget;
			buildConfigurationList = 77BA64DC2F3B8C9A00830395 /* Build configuration list for PBXNativeTarget "ScanToFixTests" */;
			buildPhases = (
				77BA64C12F3B8C9A00830395 /* Sources */,
				77BA64C22F3B8C9A00830395 /* Frameworks */,
				77BA64C32F3B8C9A00830395 /* Resources */,
			);
			buildRules = (
			);
			dependencies = (
				77BA64C72F3B8C9A00830395 /* PBXTargetDependency */,
			);
			fileSystemSynchronizedGroups = (
				77BA64C82F3B8C9A00830395 /* ScanToFixTests */,
			);
			name = ScanToFixTests;
			packageProductDependencies = (
			);
			productName = ScanToFixTests;
			productReference = 77BA64C52F3B8C9A00830395 /* ScanToFixTests.xctest */;
			productType = "com.apple.product-type.bundle.unit-test";
		};
		77BA64CE2F3B8C9A00830395 /* ScanToFixUITests */ = {
			isa = PBXNativeTarget;
			buildConfigurationList = 77BA64DF2F3B8C9A00830395 /* Build configuration list for PBXNativeTarget "ScanToFixUITests" */;
			buildPhases = (
				77BA64CB2F3B8C9A00830395 /* Sources */,
				77BA64CC2F3B8C9A00830395 /* Frameworks */,
				77BA64CD2F3B8C9A00830395 /* Resources */,
			);
			buildRules = (
			);
			dependencies = (
				77BA64D12F3B8C9A00830395 /* PBXTargetDependency */,
			);
			fileSystemSynchronizedGroups = (
				77BA64D22F3B8C9A00830395 /* ScanToFixUITests */,
			);
			name = ScanToFixUITests;
			packageProductDependencies = (
			);
			productName = ScanToFixUITests;
			productReference = 77BA64CF2F3B8C9A00830395 /* ScanToFixUITests.xctest */;
			productType = "com.apple.product-type.bundle.ui-testing";
		};
/* End PBXNativeTarget section */

/* Begin PBXProject section */
		77BA64B02F3B8C9800830395 /* Project object */ = {
			isa = PBXProject;
			attributes = {
				BuildIndependentTargetsInParallel = 1;
				LastSwiftUpdateCheck = 2620;
				LastUpgradeCheck = 2620;
				TargetAttributes = {
					77BA64B72F3B8C9900830395 = {
						CreatedOnToolsVersion = 26.2;
					};
					77BA64C42F3B8C9A00830395 = {
						CreatedOnToolsVersion = 26.2;
						TestTargetID = 77BA64B72F3B8C9900830395;
					};
					77BA64CE2F3B8C9A00830395 = {
						CreatedOnToolsVersion = 26.2;
						TestTargetID = 77BA64B72F3B8C9900830395;
					};
				};
			};
			buildConfigurationList = 77BA64B32F3B8C9800830395 /* Build configuration list for PBXProject "ScanToFix" */;
			developmentRegion = en;
			hasScannedForEncodings = 0;
			knownRegions = (
				en,
				Base,
			);
			mainGroup = 77BA64AF2F3B8C9800830395;
			minimizedProjectReferenceProxies = 1;
			preferredProjectObjectVersion = 77;
			productRefGroup = 77BA64B92F3B8C9900830395 /* Products */;
			projectDirPath = "";
			projectRoot = "";
			targets = (
				77BA64B72F3B8C9900830395 /* ScanToFix */,
				77BA64C42F3B8C9A00830395 /* ScanToFixTests */,
				77BA64CE2F3B8C9A00830395 /* ScanToFixUITests */,
			);
		};
/* End PBXProject section */

/* Begin PBXResourcesBuildPhase section */
		77BA64B62F3B8C9900830395 /* Resources */ = {
			isa = PBXResourcesBuildPhase;
			buildActionMask = 2147483647;
			files = (
			);
			runOnlyForDeploymentPostprocessing = 0;
		};
		77BA64C32F3B8C9A00830395 /* Resources */ = {
			isa = PBXResourcesBuildPhase;
			buildActionMask = 2147483647;
			files = (
			);
			runOnlyForDeploymentPostprocessing = 0;
		};
		77BA64CD2F3B8C9A00830395 /* Resources */ = {
			isa = PBXResourcesBuildPhase;
			buildActionMask = 2147483647;
			files = (
			);
			runOnlyForDeploymentPostprocessing = 0;
		};
/* End PBXResourcesBuildPhase section */

/* Begin PBXSourcesBuildPhase section */
		77BA64B42F3B8C9900830395 /* Sources */ = {
			isa = PBXSourcesBuildPhase;
			buildActionMask = 2147483647;
			files = (
			);
			runOnlyForDeploymentPostprocessing = 0;
		};
		77BA64C12F3B8C9A00830395 /* Sources */ = {
			isa = PBXSourcesBuildPhase;
			buildActionMask = 2147483647;
			files = (
			);
			runOnlyForDeploymentPostprocessing = 0;
		};
		77BA64CB2F3B8C9A00830395 /* Sources */ = {
			isa = PBXSourcesBuildPhase;
			buildActionMask = 2147483647;
			files = (
			);
			runOnlyForDeploymentPostprocessing = 0;
		};
/* End PBXSourcesBuildPhase section */

/* Begin PBXTargetDependency section */
		77BA64C72F3B8C9A00830395 /* PBXTargetDependency */ = {
			isa = PBXTargetDependency;
			target = 77BA64B72F3B8C9900830395 /* ScanToFix */;
			targetProxy = 77BA64C62F3B8C9A00830395 /* PBXContainerItemProxy */;
		};
		77BA64D12F3B8C9A00830395 /* PBXTargetDependency */ = {
			isa = PBXTargetDependency;
			target = 77BA64B72F3B8C9900830395 /* ScanToFix */;
			targetProxy = 77BA64D02F3B8C9A00830395 /* PBXContainerItemProxy */;
		};
/* End PBXTargetDependency section */

/* Begin XCBuildConfiguration section */
		77BA64D72F3B8C9A00830395 /* Debug */ = {
			isa = XCBuildConfiguration;
			buildSettings = {
				ALWAYS_SEARCH_USER_PATHS = NO;
				ASSETCATALOG_COMPILER_GENERATE_SWIFT_ASSET_SYMBOL_EXTENSIONS = YES;
				CLANG_ANALYZER_NONNULL = YES;
				CLANG_ANALYZER_NUMBER_OBJECT_CONVERSION = YES_AGGRESSIVE;
				CLANG_CXX_LANGUAGE_STANDARD = "gnu++20";
				CLANG_ENABLE_MODULES = YES;
				CLANG_ENABLE_OBJC_ARC = YES;
				CLANG_ENABLE_OBJC_WEAK = YES;
				CLANG_WARN_BLOCK_CAPTURE_AUTORELEASING = YES;
				CLANG_WARN_BOOL_CONVERSION = YES;
				CLANG_WARN_COMMA = YES;
				CLANG_WARN_CONSTANT_CONVERSION = YES;
				CLANG_WARN_DEPRECATED_OBJC_IMPLEMENTATIONS = YES;
				CLANG_WARN_DIRECT_OBJC_ISA_USAGE = YES_ERROR;
				CLANG_WARN_DOCUMENTATION_COMMENTS = YES;
				CLANG_WARN_EMPTY_BODY = YES;
				CLANG_WARN_ENUM_CONVERSION = YES;
				CLANG_WARN_INFINITE_RECURSION = YES;
				CLANG_WARN_INT_CONVERSION = YES;
				CLANG_WARN_NON_LITERAL_NULL_CONVERSION = YES;
				CLANG_WARN_OBJC_IMPLICIT_RETAIN_SELF = YES;
				CLANG_WARN_OBJC_LITERAL_CONVERSION = YES;
				CLANG_WARN_OBJC_ROOT_CLASS = YES_ERROR;
				CLANG_WARN_QUOTED_INCLUDE_IN_FRAMEWORK_HEADER = YES;
				CLANG_WARN_RANGE_LOOP_ANALYSIS = YES;
				CLANG_WARN_STRICT_PROTOTYPES = YES;
				CLANG_WARN_SUSPICIOUS_MOVE = YES;
				CLANG_WARN_UNGUARDED_AVAILABILITY = YES_AGGRESSIVE;
				CLANG_WARN_UNREACHABLE_CODE = YES;
				CLANG_WARN__DUPLICATE_METHOD_MATCH = YES;
				COPY_PHASE_STRIP = NO;
				DEBUG_INFORMATION_FORMAT = dwarf;
				DEVELOPMENT_TEAM = H5QZVU8NJS;
				ENABLE_STRICT_OBJC_MSGSEND = YES;
				ENABLE_TESTABILITY = YES;
				ENABLE_USER_SCRIPT_SANDBOXING = YES;
				GCC_C_LANGUAGE_STANDARD = gnu17;
				GCC_DYNAMIC_NO_PIC = NO;
				GCC_NO_COMMON_BLOCKS = YES;
				GCC_OPTIMIZATION_LEVEL = 0;
				GCC_PREPROCESSOR_DEFINITIONS = (
					"DEBUG=1",
					"$(inherited)",
				);
				GCC_WARN_64_TO_32_BIT_CONVERSION = YES;
				GCC_WARN_ABOUT_RETURN_TYPE = YES_ERROR;
				GCC_WARN_UNDECLARED_SELECTOR = YES;
				GCC_WARN_UNINITIALIZED_AUTOS = YES_AGGRESSIVE;
				GCC_WARN_UNUSED_FUNCTION = YES;
				GCC_WARN_UNUSED_VARIABLE = YES;
				LOCALIZATION_PREFERS_STRING_CATALOGS = YES;
				MACOSX_DEPLOYMENT_TARGET = 26.2;
				MTL_ENABLE_DEBUG_INFO = INCLUDE_SOURCE;
				MTL_FAST_MATH = YES;
				ONLY_ACTIVE_ARCH = YES;
				SDKROOT = macosx;
				SWIFT_ACTIVE_COMPILATION_CONDITIONS = "DEBUG $(inherited)";
				SWIFT_OPTIMIZATION_LEVEL = "-Onone";
			};
			name = Debug;
		};
		77BA64D82F3B8C9A00830395 /* Release */ = {
			isa = XCBuildConfiguration;
			buildSettings = {
				ALWAYS_SEARCH_USER_PATHS = NO;
				ASSETCATALOG_COMPILER_GENERATE_SWIFT_ASSET_SYMBOL_EXTENSIONS = YES;
				CLANG_ANALYZER_NONNULL = YES;
				CLANG_ANALYZER_NUMBER_OBJECT_CONVERSION = YES_AGGRESSIVE;
				CLANG_CXX_LANGUAGE_STANDARD = "gnu++20";
				CLANG_ENABLE_MODULES = YES;
				CLANG_ENABLE_OBJC_ARC = YES;
				CLANG_ENABLE_OBJC_WEAK = YES;
				CLANG_WARN_BLOCK_CAPTURE_AUTORELEASING = YES;
				CLANG_WARN_BOOL_CONVERSION = YES;
				CLANG_WARN_COMMA = YES;
				CLANG_WARN_CONSTANT_CONVERSION = YES;
				CLANG_WARN_DEPRECATED_OBJC_IMPLEMENTATIONS = YES;
				CLANG_WARN_DIRECT_OBJC_ISA_USAGE = YES_ERROR;
				CLANG_WARN_DOCUMENTATION_COMMENTS = YES;
				CLANG_WARN_EMPTY_BODY = YES;
				CLANG_WARN_ENUM_CONVERSION = YES;
				CLANG_WARN_INFINITE_RECURSION = YES;
				CLANG_WARN_INT_CONVERSION = YES;
				CLANG_WARN_NON_LITERAL_NULL_CONVERSION = YES;
				CLANG_WARN_OBJC_IMPLICIT_RETAIN_SELF = YES;
				CLANG_WARN_OBJC_LITERAL_CONVERSION = YES;
				CLANG_WARN_OBJC_ROOT_CLASS = YES_ERROR;
				CLANG_WARN_QUOTED_INCLUDE_IN_FRAMEWORK_HEADER = YES;
				CLANG_WARN_RANGE_LOOP_ANALYSIS = YES;
				CLANG_WARN_STRICT_PROTOTYPES = YES;
				CLANG_WARN_SUSPICIOUS_MOVE = YES;
				CLANG_WARN_UNGUARDED_AVAILABILITY = YES_AGGRESSIVE;
				CLANG_WARN_UNREACHABLE_CODE = YES;
				CLANG_WARN__DUPLICATE_METHOD_MATCH = YES;
				COPY_PHASE_STRIP = NO;
				DEBUG_INFORMATION_FORMAT = "dwarf-with-dsym";
				DEVELOPMENT_TEAM = H5QZVU8NJS;
				ENABLE_NS_ASSERTIONS = NO;
				ENABLE_STRICT_OBJC_MSGSEND = YES;
				ENABLE_USER_SCRIPT_SANDBOXING = YES;
				GCC_C_LANGUAGE_STANDARD = gnu17;
				GCC_NO_COMMON_BLOCKS = YES;
				GCC_WARN_64_TO_32_BIT_CONVERSION = YES;
				GCC_WARN_ABOUT_RETURN_TYPE = YES_ERROR;
				GCC_WARN_UNDECLARED_SELECTOR = YES;
				GCC_WARN_UNINITIALIZED_AUTOS = YES_AGGRESSIVE;
				GCC_WARN_UNUSED_FUNCTION = YES;
				GCC_WARN_UNUSED_VARIABLE = YES;
				LOCALIZATION_PREFERS_STRING_CATALOGS = YES;
				MACOSX_DEPLOYMENT_TARGET = 26.2;
				MTL_ENABLE_DEBUG_INFO = NO;
				MTL_FAST_MATH = YES;
				SDKROOT = macosx;
				SWIFT_COMPILATION_MODE = wholemodule;
			};
			name = Release;
		};
		77BA64DA2F3B8C9A00830395 /* Debug */ = {
			isa = XCBuildConfiguration;
			buildSettings = {
				ASSETCATALOG_COMPILER_APPICON_NAME = AppIcon;
				ASSETCATALOG_COMPILER_GLOBAL_ACCENT_COLOR_NAME = AccentColor;
				CODE_SIGN_STYLE = Automatic;
				COMBINE_HIDPI_IMAGES = YES;
				CURRENT_PROJECT_VERSION = 1;
				DEVELOPMENT_TEAM = H5QZVU8NJS;
				ENABLE_APP_SANDBOX = YES;
				ENABLE_HARDENED_RUNTIME = YES;
				ENABLE_PREVIEWS = YES;
				ENABLE_USER_SELECTED_FILES = readonly;
				GENERATE_INFOPLIST_FILE = YES;
				INFOPLIST_KEY_NSCameraUsageDescription = "ScanToFix uses the camera and LiDAR sensor to capture damaged objects for repair mesh generation.";
				INFOPLIST_KEY_NSHumanReadableCopyright = "";
				LD_RUNPATH_SEARCH_PATHS = (
					"$(inherited)",
					"@executable_path/../Frameworks",
				);
				MARKETING_VERSION = 1.0;
				PRODUCT_BUNDLE_IDENTIFIER = Unicorn.ScanToFix;
				PRODUCT_NAME = "$(TARGET_NAME)";
				REGISTER_APP_GROUPS = YES;
				STRING_CATALOG_GENERATE_SYMBOLS = YES;
				SWIFT_APPROACHABLE_CONCURRENCY = YES;
				SWIFT_DEFAULT_ACTOR_ISOLATION = MainActor;
				SWIFT_EMIT_LOC_STRINGS = YES;
				SWIFT_UPCOMING_FEATURE_MEMBER_IMPORT_VISIBILITY = YES;
				SWIFT_VERSION = 5.0;
			};
			name = Debug;
		};
		77BA64DB2F3B8C9A00830395 /* Release */ = {
			isa = XCBuildConfiguration;
			buildSettings = {
				ASSETCATALOG_COMPILER_APPICON_NAME = AppIcon;
				ASSETCATALOG_COMPILER_GLOBAL_ACCENT_COLOR_NAME = AccentColor;
				CODE_SIGN_STYLE = Automatic;
				COMBINE_HIDPI_IMAGES = YES;
				CURRENT_PROJECT_VERSION = 1;
				DEVELOPMENT_TEAM = H5QZVU8NJS;
				ENABLE_APP_SANDBOX = YES;
				ENABLE_HARDENED_RUNTIME = YES;
				ENABLE_PREVIEWS = YES;
				ENABLE_USER_SELECTED_FILES = readonly;
				GENERATE_INFOPLIST_FILE = YES;
				INFOPLIST_KEY_NSCameraUsageDescription = "ScanToFix uses the camera and LiDAR sensor to capture damaged objects for repair mesh generation.";
				INFOPLIST_KEY_NSHumanReadableCopyright = "";
				LD_RUNPATH_SEARCH_PATHS = (
					"$(inherited)",
					"@executable_path/../Frameworks",
				);
				MARKETING_VERSION = 1.0;
				PRODUCT_BUNDLE_IDENTIFIER = Unicorn.ScanToFix;
				PRODUCT_NAME = "$(TARGET_NAME)";
				REGISTER_APP_GROUPS = YES;
				STRING_CATALOG_GENERATE_SYMBOLS = YES;
				SWIFT_APPROACHABLE_CONCURRENCY = YES;
				SWIFT_DEFAULT_ACTOR_ISOLATION = MainActor;
				SWIFT_EMIT_LOC_STRINGS = YES;
				SWIFT_UPCOMING_FEATURE_MEMBER_IMPORT_VISIBILITY = YES;
				SWIFT_VERSION = 5.0;
			};
			name = Release;
		};
		77BA64DD2F3B8C9A00830395 /* Debug */ = {
			isa = XCBuildConfiguration;
			buildSettings = {
				BUNDLE_LOADER = "$(TEST_HOST)";
				CODE_SIGN_STYLE = Automatic;
				CURRENT_PROJECT_VERSION = 1;
				DEVELOPMENT_TEAM = H5QZVU8NJS;
				GENERATE_INFOPLIST_FILE = YES;
				MACOSX_DEPLOYMENT_TARGET = 26.2;
				MARKETING_VERSION = 1.0;
				PRODUCT_BUNDLE_IDENTIFIER = Unicorn.ScanToFixTests;
				PRODUCT_NAME = "$(TARGET_NAME)";
				STRING_CATALOG_GENERATE_SYMBOLS = NO;
				SWIFT_APPROACHABLE_CONCURRENCY = YES;
				SWIFT_EMIT_LOC_STRINGS = NO;
				SWIFT_UPCOMING_FEATURE_MEMBER_IMPORT_VISIBILITY = YES;
				SWIFT_VERSION = 5.0;
				TEST_HOST = "$(BUILT_PRODUCTS_DIR)/ScanToFix.app/$(BUNDLE_EXECUTABLE_FOLDER_PATH)/ScanToFix";
			};
			name = Debug;
		};
		77BA64DE2F3B8C9A00830395 /* Release */ = {
			isa = XCBuildConfiguration;
			buildSettings = {
				BUNDLE_LOADER = "$(TEST_HOST)";
				CODE_SIGN_STYLE = Automatic;
				CURRENT_PROJECT_VERSION = 1;
				DEVELOPMENT_TEAM = H5QZVU8NJS;
				GENERATE_INFOPLIST_FILE = YES;
				MACOSX_DEPLOYMENT_TARGET = 26.2;
				MARKETING_VERSION = 1.0;
				PRODUCT_BUNDLE_IDENTIFIER = Unicorn.ScanToFixTests;
				PRODUCT_NAME = "$(TARGET_NAME)";
				STRING_CATALOG_GENERATE_SYMBOLS = NO;
				SWIFT_APPROACHABLE_CONCURRENCY = YES;
				SWIFT_EMIT_LOC_STRINGS = NO;
				SWIFT_UPCOMING_FEATURE_MEMBER_IMPORT_VISIBILITY = YES;
				SWIFT_VERSION = 5.0;
				TEST_HOST = "$(BUILT_PRODUCTS_DIR)/ScanToFix.app/$(BUNDLE_EXECUTABLE_FOLDER_PATH)/ScanToFix";
			};
			name = Release;
		};
		77BA64E02F3B8C9A00830395 /* Debug */ = {
			isa = XCBuildConfiguration;
			buildSettings = {
				CODE_SIGN_STYLE = Automatic;
				CURRENT_PROJECT_VERSION = 1;
				DEVELOPMENT_TEAM = H5QZVU8NJS;
				GENERATE_INFOPLIST_FILE = YES;
				MARKETING_VERSION = 1.0;
				PRODUCT_BUNDLE_IDENTIFIER = Unicorn.ScanToFixUITests;
				PRODUCT_NAME = "$(TARGET_NAME)";
				STRING_CATALOG_GENERATE_SYMBOLS = NO;
				SWIFT_APPROACHABLE_CONCURRENCY = YES;
				SWIFT_EMIT_LOC_STRINGS = NO;
				SWIFT_UPCOMING_FEATURE_MEMBER_IMPORT_VISIBILITY = YES;
				SWIFT_VERSION = 5.0;
				TEST_TARGET_NAME = ScanToFix;
			};
			name = Debug;
		};
		77BA64E12F3B8C9A00830395 /* Release */ = {
			isa = XCBuildConfiguration;
			buildSettings = {
				CODE_SIGN_STYLE = Automatic;
				CURRENT_PROJECT_VERSION = 1;
				DEVELOPMENT_TEAM = H5QZVU8NJS;
				GENERATE_INFOPLIST_FILE = YES;
				MARKETING_VERSION = 1.0;
				PRODUCT_BUNDLE_IDENTIFIER = Unicorn.ScanToFixUITests;
				PRODUCT_NAME = "$(TARGET_NAME)";
				STRING_CATALOG_GENERATE_SYMBOLS = NO;
				SWIFT_APPROACHABLE_CONCURRENCY = YES;
				SWIFT_EMIT_LOC_STRINGS = NO;
				SWIFT_UPCOMING_FEATURE_MEMBER_IMPORT_VISIBILITY = YES;
				SWIFT_VERSION = 5.0;
				TEST_TARGET_NAME = ScanToFix;
			};
			name = Release;
		};
/* End XCBuildConfiguration section */

/* Begin XCConfigurationList section */
		77BA64B32F3B8C9800830395 /* Build configuration list for PBXProject "ScanToFix" */ = {
			isa = XCConfigurationList;
			buildConfigurations = (
				77BA64D72F3B8C9A00830395 /* Debug */,
				77BA64D82F3B8C9A00830395 /* Release */,
			);
			defaultConfigurationIsVisible = 0;
			defaultConfigurationName = Release;
		};
		77BA64D92F3B8C9A00830395 /* Build configuration list for PBXNativeTarget "ScanToFix" */ = {
			isa = XCConfigurationList;
			buildConfigurations = (
				77BA64DA2F3B8C9A00830395 /* Debug */,
				77BA64DB2F3B8C9A00830395 /* Release */,
			);
			defaultConfigurationIsVisible = 0;
			defaultConfigurationName = Release;
		};
		77BA64DC2F3B8C9A00830395 /* Build configuration list for PBXNativeTarget "ScanToFixTests" */ = {
			isa = XCConfigurationList;
			buildConfigurations = (
				77BA64DD2F3B8C9A00830395 /* Debug */,
				77BA64DE2F3B8C9A00830395 /* Release */,
			);
			defaultConfigurationIsVisible = 0;
			defaultConfigurationName = Release;
		};
		77BA64DF2F3B8C9A00830395 /* Build configuration list for PBXNativeTarget "ScanToFixUITests" */ = {
			isa = XCConfigurationList;
			buildConfigurations = (
				77BA64E02F3B8C9A00830395 /* Debug */,
				77BA64E12F3B8C9A00830395 /* Release */,
			);
			defaultConfigurationIsVisible = 0;
			defaultConfigurationName = Release;
		};
/* End XCConfigurationList section */
	};
	rootObject = 77BA64B02F3B8C9800830395 /* Project object */;
}
